
Microsoft Visual Studio Solution File, Format Version 12.00
# Visual Studio 15
Project("{FAE04EC0-301F-11D3-BF4B-00C04F79EFBC}") = "HelloWorld", "HelloWorld.csproj", "{8A25CF86-0A7F-4696-9C2A-5A5840F74F8D}"
EndProject
Global
	GlobalSection(SolutionConfigurationPlatforms) = preSolution
		Debug|Any CPU = Debug|Any CPU
		Release|Any CPU = Release|Any CPU
	EndGlobalSection
	GlobalSection(ProjectConfigurationPlatforms) = postSolution
		{8A25CF86-0A7F-4696-9C2A-5A5840F74F8D}.Debug|Any CPU.ActiveCfg = Debug|Any CPU
		{8A25CF86-0A7F-4696-9C2A-5A5840F74F8D}.Debug|Any CPU.Build.0 = Debug|Any CPU
		{8A25CF86-0A7F-4696-9C2A-5A5840F74F8D}.Release|Any CPU.ActiveCfg = Release|Any CPU
		{8A25CF86-0A7F-4696-9C2A-5A5840F74F8D}.Release|Any CPU.Build.0 = Release|Any CPU
	EndGlobalSection
EndGlobal
