
Microsoft Visual Studio Solution File, Format Version 12.00
# Visual Studio 15
Project("{FAE04EC0-301F-11D3-BF4B-00C04F79EFBC}") = "NucleotideCount", "NucleotideCount.csproj", "{0BA8C9FF-165D-4324-A299-3867F2DF4344}"
EndProject
Global
	GlobalSection(SolutionConfigurationPlatforms) = preSolution
		Debug|Any CPU = Debug|Any CPU
		Release|Any CPU = Release|Any CPU
	EndGlobalSection
	GlobalSection(ProjectConfigurationPlatforms) = postSolution
		{0BA8C9FF-165D-4324-A299-3867F2DF4344}.Debug|Any CPU.ActiveCfg = Debug|Any CPU
		{0BA8C9FF-165D-4324-A299-3867F2DF4344}.Debug|Any CPU.Build.0 = Debug|Any CPU
		{0BA8C9FF-165D-4324-A299-3867F2DF4344}.Release|Any CPU.ActiveCfg = Release|Any CPU
		{0BA8C9FF-165D-4324-A299-3867F2DF4344}.Release|Any CPU.Build.0 = Release|Any CPU
	EndGlobalSection
EndGlobal
